
Microsoft Visual Studio Solution File, Format Version 12.00
# Visual Studio Version 17
VisualStudioVersion = 17.1.32203.90
MinimumVisualStudioVersion = 10.0.40219.1
Project("{9A19103F-16F7-4668-BE54-9A1E7A4F7556}") = "HW_05_01", "HW_05\HW_05_01.csproj", "{607FB29E-41BE-4B1C-B63A-2130112CF4DD}"
EndProject
Project("{9A19103F-16F7-4668-BE54-9A1E7A4F7556}") = "HW_05_02", "HW_05_02\HW_05_02.csproj", "{3C0004F5-7002-4F25-BB34-968541081589}"
EndProject
Project("{9A19103F-16F7-4668-BE54-9A1E7A4F7556}") = "HW_05_03", "HW_05_03\HW_05_03.csproj", "{C6FA691C-1412-4B07-89AE-B0886FE81A0D}"
EndProject
Global
	GlobalSection(SolutionConfigurationPlatforms) = preSolution
		Debug|Any CPU = Debug|Any CPU
		Release|Any CPU = Release|Any CPU
	EndGlobalSection
	GlobalSection(ProjectConfigurationPlatforms) = postSolution
		{607FB29E-41BE-4B1C-B63A-2130112CF4DD}.Debug|Any CPU.ActiveCfg = Debug|Any CPU
		{607FB29E-41BE-4B1C-B63A-2130112CF4DD}.Debug|Any CPU.Build.0 = Debug|Any CPU
		{607FB29E-41BE-4B1C-B63A-2130112CF4DD}.Release|Any CPU.ActiveCfg = Release|Any CPU
		{607FB29E-41BE-4B1C-B63A-2130112CF4DD}.Release|Any CPU.Build.0 = Release|Any CPU
		{3C0004F5-7002-4F25-BB34-968541081589}.Debug|Any CPU.ActiveCfg = Debug|Any CPU
		{3C0004F5-7002-4F25-BB34-968541081589}.Debug|Any CPU.Build.0 = Debug|Any CPU
		{3C0004F5-7002-4F25-BB34-968541081589}.Release|Any CPU.ActiveCfg = Release|Any CPU
		{3C0004F5-7002-4F25-BB34-968541081589}.Release|Any CPU.Build.0 = Release|Any CPU
		{C6FA691C-1412-4B07-89AE-B0886FE81A0D}.Debug|Any CPU.ActiveCfg = Debug|Any CPU
		{C6FA691C-1412-4B07-89AE-B0886FE81A0D}.Debug|Any CPU.Build.0 = Debug|Any CPU
		{C6FA691C-1412-4B07-89AE-B0886FE81A0D}.Release|Any CPU.ActiveCfg = Release|Any CPU
		{C6FA691C-1412-4B07-89AE-B0886FE81A0D}.Release|Any CPU.Build.0 = Release|Any CPU
	EndGlobalSection
	GlobalSection(SolutionProperties) = preSolution
		HideSolutionNode = FALSE
	EndGlobalSection
	GlobalSection(ExtensibilityGlobals) = postSolution
		SolutionGuid = {3CF9E739-1583-4D0D-A529-9D0F2C0A2F2B}
	EndGlobalSection
EndGlobal
